// !$*UTF8*$!
{
	archiveVersion = 1;
	classes = {
	};
	objectVersion = 50;
	objects = {

/* Begin PBXBuildFile section */
		A71E9D31227D20FE00658320 /* AppDelegate.swift in Sources */ = {isa = PBXBuildFile; fileRef = A71E9D30227D20FE00658320 /* AppDelegate.swift */; };
		A71E9D33227D20FE00658320 /* WelcomeVC.swift in Sources */ = {isa = PBXBuildFile; fileRef = A71E9D32227D20FE00658320 /* WelcomeVC.swift */; };
		A71E9D36227D20FE00658320 /* Main.storyboard in Resources */ = {isa = PBXBuildFile; fileRef = A71E9D34227D20FE00658320 /* Main.storyboard */; };
		A71E9D38227D210100658320 /* Assets.xcassets in Resources */ = {isa = PBXBuildFile; fileRef = A71E9D37227D210100658320 /* Assets.xcassets */; };
		A71E9D3B227D210100658320 /* LaunchScreen.storyboard in Resources */ = {isa = PBXBuildFile; fileRef = A71E9D39227D210100658320 /* LaunchScreen.storyboard */; };
		A71E9D44227D295C00658320 /* BorderButton.swift in Sources */ = {isa = PBXBuildFile; fileRef = A71E9D43227D295C00658320 /* BorderButton.swift */; };
		A71E9D49227FB4D300658320 /* LeagueVC.swift in Sources */ = {isa = PBXBuildFile; fileRef = A71E9D48227FB4D300658320 /* LeagueVC.swift */; };
		A71E9D4B227FB5BC00658320 /* SkillVC.swift in Sources */ = {isa = PBXBuildFile; fileRef = A71E9D4A227FB5BC00658320 /* SkillVC.swift */; };
		A71E9D4F227FDE0E00658320 /* player.swift in Sources */ = {isa = PBXBuildFile; fileRef = A71E9D4E227FDE0E00658320 /* player.swift */; };
/* End PBXBuildFile section */

/* Begin PBXFileReference section */
		A71E9D2D227D20FE00658320 /* appSwoosh.app */ = {isa = PBXFileReference; explicitFileType = wrapper.application; includeInIndex = 0; path = appSwoosh.app; sourceTree = BUILT_PRODUCTS_DIR; };
		A71E9D30227D20FE00658320 /* AppDelegate.swift */ = {isa = PBXFileReference; lastKnownFileType = sourcecode.swift; path = AppDelegate.swift; sourceTree = "<group>"; };
		A71E9D32227D20FE00658320 /* WelcomeVC.swift */ = {isa = PBXFileReference; lastKnownFileType = sourcecode.swift; path = WelcomeVC.swift; sourceTree = "<group>"; };
		A71E9D35227D20FE00658320 /* Base */ = {isa = PBXFileReference; lastKnownFileType = file.storyboard; name = Base; path = Base.lproj/Main.storyboard; sourceTree = "<group>"; };
		A71E9D37227D210100658320 /* Assets.xcassets */ = {isa = PBXFileReference; lastKnownFileType = folder.assetcatalog; path = Assets.xcassets; sourceTree = "<group>"; };
		A71E9D3A227D210100658320 /* Base */ = {isa = PBXFileReference; lastKnownFileType = file.storyboard; name = Base; path = Base.lproj/LaunchScreen.storyboard; sourceTree = "<group>"; };
		A71E9D3C227D210100658320 /* Info.plist */ = {isa = PBXFileReference; lastKnownFileType = text.plist.xml; path = Info.plist; sourceTree = "<group>"; };
		A71E9D43227D295C00658320 /* BorderButton.swift */ = {isa = PBXFileReference; lastKnownFileType = sourcecode.swift; path = BorderButton.swift; sourceTree = "<group>"; };
		A71E9D48227FB4D300658320 /* LeagueVC.swift */ = {isa = PBXFileReference; lastKnownFileType = sourcecode.swift; path = LeagueVC.swift; sourceTree = "<group>"; };
		A71E9D4A227FB5BC00658320 /* SkillVC.swift */ = {isa = PBXFileReference; lastKnownFileType = sourcecode.swift; path = SkillVC.swift; sourceTree = "<group>"; };
		A71E9D4E227FDE0E00658320 /* player.swift */ = {isa = PBXFileReference; lastKnownFileType = sourcecode.swift; path = player.swift; sourceTree = "<group>"; };
/* End PBXFileReference section */

/* Begin PBXFrameworksBuildPhase section */
		A71E9D2A227D20FE00658320 /* Frameworks */ = {
			isa = PBXFrameworksBuildPhase;
			buildActionMask = 2147483647;
			files = (
			);
			runOnlyForDeploymentPostprocessing = 0;
		};
/* End PBXFrameworksBuildPhase section */

/* Begin PBXGroup section */
		A71E9D24227D20FE00658320 = {
			isa = PBXGroup;
			children = (
				A71E9D2F227D20FE00658320 /* appSwoosh */,
				A71E9D2E227D20FE00658320 /* Products */,
			);
			sourceTree = "<group>";
		};
		A71E9D2E227D20FE00658320 /* Products */ = {
			isa = PBXGroup;
			children = (
				A71E9D2D227D20FE00658320 /* appSwoosh.app */,
			);
			name = Products;
			sourceTree = "<group>";
		};
		A71E9D2F227D20FE00658320 /* appSwoosh */ = {
			isa = PBXGroup;
			children = (
				A71E9D47227FB40300658320 /* Models */,
				A71E9D46227FB3F800658320 /* Controllers */,
				A71E9D42227D28C300658320 /* Views */,
				A71E9D30227D20FE00658320 /* AppDelegate.swift */,
				A71E9D34227D20FE00658320 /* Main.storyboard */,
				A71E9D37227D210100658320 /* Assets.xcassets */,
				A71E9D39227D210100658320 /* LaunchScreen.storyboard */,
				A71E9D3C227D210100658320 /* Info.plist */,
			);
			path = appSwoosh;
			sourceTree = "<group>";
		};
		A71E9D42227D28C300658320 /* Views */ = {
			isa = PBXGroup;
			children = (
				A71E9D43227D295C00658320 /* BorderButton.swift */,
			);
			path = Views;
			sourceTree = "<group>";
		};
		A71E9D46227FB3F800658320 /* Controllers */ = {
			isa = PBXGroup;
			children = (
				A71E9D32227D20FE00658320 /* WelcomeVC.swift */,
				A71E9D48227FB4D300658320 /* LeagueVC.swift */,
				A71E9D4A227FB5BC00658320 /* SkillVC.swift */,
			);
			path = Controllers;
			sourceTree = "<group>";
		};
		A71E9D47227FB40300658320 /* Models */ = {
			isa = PBXGroup;
			children = (
				A71E9D4E227FDE0E00658320 /* player.swift */,
			);
			path = Models;
			sourceTree = "<group>";
		};
/* End PBXGroup section */

/* Begin PBXNativeTarget section */
		A71E9D2C227D20FE00658320 /* appSwoosh */ = {
			isa = PBXNativeTarget;
			buildConfigurationList = A71E9D3F227D210100658320 /* Build configuration list for PBXNativeTarget "appSwoosh" */;
			buildPhases = (
				A71E9D29227D20FE00658320 /* Sources */,
				A71E9D2A227D20FE00658320 /* Frameworks */,
				A71E9D2B227D20FE00658320 /* Resources */,
			);
			buildRules = (
			);
			dependencies = (
			);
			name = appSwoosh;
			productName = appSwoosh;
			productReference = A71E9D2D227D20FE00658320 /* appSwoosh.app */;
			productType = "com.apple.product-type.application";
		};
/* End PBXNativeTarget section */

/* Begin PBXProject section */
		A71E9D25227D20FE00658320 /* Project object */ = {
			isa = PBXProject;
			attributes = {
				LastSwiftUpdateCheck = 1020;
				LastUpgradeCheck = 1020;
				ORGANIZATIONNAME = "Stephenson Ang";
				TargetAttributes = {
					A71E9D2C227D20FE00658320 = {
						CreatedOnToolsVersion = 10.2.1;
					};
				};
			};
			buildConfigurationList = A71E9D28227D20FE00658320 /* Build configuration list for PBXProject "appSwoosh" */;
			compatibilityVersion = "Xcode 9.3";
			developmentRegion = en;
			hasScannedForEncodings = 0;
			knownRegions = (
				en,
				Base,
			);
			mainGroup = A71E9D24227D20FE00658320;
			productRefGroup = A71E9D2E227D20FE00658320 /* Products */;
			projectDirPath = "";
			projectRoot = "";
			targets = (
				A71E9D2C227D20FE00658320 /* appSwoosh */,
			);
		};
/* End PBXProject section */

/* Begin PBXResourcesBuildPhase section */
		A71E9D2B227D20FE00658320 /* Resources */ = {
			isa = PBXResourcesBuildPhase;
			buildActionMask = 2147483647;
			files = (
				A71E9D3B227D210100658320 /* LaunchScreen.storyboard in Resources */,
				A71E9D38227D210100658320 /* Assets.xcassets in Resources */,
				A71E9D36227D20FE00658320 /* Main.storyboard in Resources */,
			);
			runOnlyForDeploymentPostprocessing = 0;
		};
/* End PBXResourcesBuildPhase section */

/* Begin PBXSourcesBuildPhase section */
		A71E9D29227D20FE00658320 /* Sources */ = {
			isa = PBXSourcesBuildPhase;
			buildActionMask = 2147483647;
			files = (
				A71E9D33227D20FE00658320 /* WelcomeVC.swift in Sources */,
				A71E9D49227FB4D300658320 /* LeagueVC.swift in Sources */,
				A71E9D31227D20FE00658320 /* AppDelegate.swift in Sources */,
				A71E9D4B227FB5BC00658320 /* SkillVC.swift in Sources */,
				A71E9D4F227FDE0E00658320 /* player.swift in Sources */,
				A71E9D44227D295C00658320 /* BorderButton.swift in Sources */,
			);
			runOnlyForDeploymentPostprocessing = 0;
		};
/* End PBXSourcesBuildPhase section */

/* Begin PBXVariantGroup section */
		A71E9D34227D20FE00658320 /* Main.storyboard */ = {
			isa = PBXVariantGroup;
			children = (
				A71E9D35227D20FE00658320 /* Base */,
			);
			name = Main.storyboard;
			sourceTree = "<group>";
		};
		A71E9D39227D210100658320 /* LaunchScreen.storyboard */ = {
			isa = PBXVariantGroup;
			children = (
				A71E9D3A227D210100658320 /* Base */,
			);
			name = LaunchScreen.storyboard;
			sourceTree = "<group>";
		};
/* End PBXVariantGroup section */

/* Begin XCBuildConfiguration section */
		A71E9D3D227D210100658320 /* Debug */ = {
			isa = XCBuildConfiguration;
			buildSettings = {
				ALWAYS_SEARCH_USER_PATHS = NO;
				CLANG_ANALYZER_NONNULL = YES;
				CLANG_ANALYZER_NUMBER_OBJECT_CONVERSION = YES_AGGRESSIVE;
				CLANG_CXX_LANGUAGE_STANDARD = "gnu++14";
				CLANG_CXX_LIBRARY = "libc++";
				CLANG_ENABLE_MODULES = YES;
				CLANG_ENABLE_OBJC_ARC = YES;
				CLANG_ENABLE_OBJC_WEAK = YES;
				CLANG_WARN_BLOCK_CAPTURE_AUTORELEASING = YES;
				CLANG_WARN_BOOL_CONVERSION = YES;
				CLANG_WARN_COMMA = YES;
				CLANG_WARN_CONSTANT_CONVERSION = YES;
				CLANG_WARN_DEPRECATED_OBJC_IMPLEMENTATIONS = YES;
				CLANG_WARN_DIRECT_OBJC_ISA_USAGE = YES_ERROR;
				CLANG_WARN_DOCUMENTATION_COMMENTS = YES;
				CLANG_WARN_EMPTY_BODY = YES;
				CLANG_WARN_ENUM_CONVERSION = YES;
				CLANG_WARN_INFINITE_RECURSION = YES;
				CLANG_WARN_INT_CONVERSION = YES;
				CLANG_WARN_NON_LITERAL_NULL_CONVERSION = YES;
				CLANG_WARN_OBJC_IMPLICIT_RETAIN_SELF = YES;
				CLANG_WARN_OBJC_LITERAL_CONVERSION = YES;
				CLANG_WARN_OBJC_ROOT_CLASS = YES_ERROR;
				CLANG_WARN_RANGE_LOOP_ANALYSIS = YES;
				CLANG_WARN_STRICT_PROTOTYPES = YES;
				CLANG_WARN_SUSPICIOUS_MOVE = YES;
				CLANG_WARN_UNGUARDED_AVAILABILITY = YES_AGGRESSIVE;
				CLANG_WARN_UNREACHABLE_CODE = YES;
				CLANG_WARN__DUPLICATE_METHOD_MATCH = YES;
				CODE_SIGN_IDENTITY = "iPhone Developer";
				COPY_PHASE_STRIP = NO;
				DEBUG_INFORMATION_FORMAT = dwarf;
				ENABLE_STRICT_OBJC_MSGSEND = YES;
				ENABLE_TESTABILITY = YES;
				GCC_C_LANGUAGE_STANDARD = gnu11;
				GCC_DYNAMIC_NO_PIC = NO;
				GCC_NO_COMMON_BLOCKS = YES;
				GCC_OPTIMIZATION_LEVEL = 0;
				GCC_PREPROCESSOR_DEFINITIONS = (
					"DEBUG=1",
					"$(inherited)",
				);
				GCC_WARN_64_TO_32_BIT_CONVERSION = YES;
				GCC_WARN_ABOUT_RETURN_TYPE = YES_ERROR;
				GCC_WARN_UNDECLARED_SELECTOR = YES;
				GCC_WARN_UNINITIALIZED_AUTOS = YES_AGGRESSIVE;
				GCC_WARN_UNUSED_FUNCTION = YES;
				GCC_WARN_UNUSED_VARIABLE = YES;
				IPHONEOS_DEPLOYMENT_TARGET = 12.2;
				MTL_ENABLE_DEBUG_INFO = INCLUDE_SOURCE;
				MTL_FAST_MATH = YES;
				ONLY_ACTIVE_ARCH = YES;
				SDKROOT = iphoneos;
				SWIFT_ACTIVE_COMPILATION_CONDITIONS = DEBUG;
				SWIFT_OPTIMIZATION_LEVEL = "-Onone";
			};
			name = Debug;
		};
		A71E9D3E227D210100658320 /* Release */ = {
			isa = XCBuildConfiguration;
			buildSettings = {
				ALWAYS_SEARCH_USER_PATHS = NO;
				CLANG_ANALYZER_NONNULL = YES;
				CLANG_ANALYZER_NUMBER_OBJECT_CONVERSION = YES_AGGRESSIVE;
				CLANG_CXX_LANGUAGE_STANDARD = "gnu++14";
				CLANG_CXX_LIBRARY = "libc++";
				CLANG_ENABLE_MODULES = YES;
				CLANG_ENABLE_OBJC_ARC = YES;
				CLANG_ENABLE_OBJC_WEAK = YES;
				CLANG_WARN_BLOCK_CAPTURE_AUTORELEASING = YES;
				CLANG_WARN_BOOL_CONVERSION = YES;
				CLANG_WARN_COMMA = YES;
				CLANG_WARN_CONSTANT_CONVERSION = YES;
				CLANG_WARN_DEPRECATED_OBJC_IMPLEMENTATIONS = YES;
				CLANG_WARN_DIRECT_OBJC_ISA_USAGE = YES_ERROR;
				CLANG_WARN_DOCUMENTATION_COMMENTS = YES;
				CLANG_WARN_EMPTY_BODY = YES;
				CLANG_WARN_ENUM_CONVERSION = YES;
				CLANG_WARN_INFINITE_RECURSION = YES;
				CLANG_WARN_INT_CONVERSION = YES;
				CLANG_WARN_NON_LITERAL_NULL_CONVERSION = YES;
				CLANG_WARN_OBJC_IMPLICIT_RETAIN_SELF = YES;
				CLANG_WARN_OBJC_LITERAL_CONVERSION = YES;
				CLANG_WARN_OBJC_ROOT_CLASS = YES_ERROR;
				CLANG_WARN_RANGE_LOOP_ANALYSIS = YES;
				CLANG_WARN_STRICT_PROTOTYPES = YES;
				CLANG_WARN_SUSPICIOUS_MOVE = YES;
				CLANG_WARN_UNGUARDED_AVAILABILITY = YES_AGGRESSIVE;
				CLANG_WARN_UNREACHABLE_CODE = YES;
				CLANG_WARN__DUPLICATE_METHOD_MATCH = YES;
				CODE_SIGN_IDENTITY = "iPhone Developer";
				COPY_PHASE_STRIP = NO;
				DEBUG_INFORMATION_FORMAT = "dwarf-with-dsym";
				ENABLE_NS_ASSERTIONS = NO;
				ENABLE_STRICT_OBJC_MSGSEND = YES;
				GCC_C_LANGUAGE_STANDARD = gnu11;
				GCC_NO_COMMON_BLOCKS = YES;
				GCC_WARN_64_TO_32_BIT_CONVERSION = YES;
				GCC_WARN_ABOUT_RETURN_TYPE = YES_ERROR;
				GCC_WARN_UNDECLARED_SELECTOR = YES;
				GCC_WARN_UNINITIALIZED_AUTOS = YES_AGGRESSIVE;
				GCC_WARN_UNUSED_FUNCTION = YES;
				GCC_WARN_UNUSED_VARIABLE = YES;
				IPHONEOS_DEPLOYMENT_TARGET = 12.2;
				MTL_ENABLE_DEBUG_INFO = NO;
				MTL_FAST_MATH = YES;
				SDKROOT = iphoneos;
				SWIFT_COMPILATION_MODE = wholemodule;
				SWIFT_OPTIMIZATION_LEVEL = "-O";
				VALIDATE_PRODUCT = YES;
			};
			name = Release;
		};
		A71E9D40227D210100658320 /* Debug */ = {
			isa = XCBuildConfiguration;
			buildSettings = {
				ASSETCATALOG_COMPILER_APPICON_NAME = AppIcon;
				CODE_SIGN_STYLE = Automatic;
				DEVELOPMENT_TEAM = FZZ4V5CW2H;
				INFOPLIST_FILE = appSwoosh/Info.plist;
				LD_RUNPATH_SEARCH_PATHS = (
					"$(inherited)",
					"@executable_path/Frameworks",
				);
				PRODUCT_BUNDLE_IDENTIFIER = com.stephensonang.appSwoosh;
				PRODUCT_NAME = "$(TARGET_NAME)";
				SWIFT_VERSION = 5.0;
				TARGETED_DEVICE_FAMILY = "1,2";
			};
			name = Debug;
		};
		A71E9D41227D210100658320 /* Release */ = {
			isa = XCBuildConfiguration;
			buildSettings = {
				ASSETCATALOG_COMPILER_APPICON_NAME = AppIcon;
				CODE_SIGN_STYLE = Automatic;
				DEVELOPMENT_TEAM = FZZ4V5CW2H;
				INFOPLIST_FILE = appSwoosh/Info.plist;
				LD_RUNPATH_SEARCH_PATHS = (
					"$(inherited)",
					"@executable_path/Frameworks",
				);
				PRODUCT_BUNDLE_IDENTIFIER = com.stephensonang.appSwoosh;
				PRODUCT_NAME = "$(TARGET_NAME)";
				SWIFT_VERSION = 5.0;
				TARGETED_DEVICE_FAMILY = "1,2";
			};
			name = Release;
		};
/* End XCBuildConfiguration section */

/* Begin XCConfigurationList section */
		A71E9D28227D20FE00658320 /* Build configuration list for PBXProject "appSwoosh" */ = {
			isa = XCConfigurationList;
			buildConfigurations = (
				A71E9D3D227D210100658320 /* Debug */,
				A71E9D3E227D210100658320 /* Release */,
			);
			defaultConfigurationIsVisible = 0;
			defaultConfigurationName = Release;
		};
		A71E9D3F227D210100658320 /* Build configuration list for PBXNativeTarget "appSwoosh" */ = {
			isa = XCConfigurationList;
			buildConfigurations = (
				A71E9D40227D210100658320 /* Debug */,
				A71E9D41227D210100658320 /* Release */,
			);
			defaultConfigurationIsVisible = 0;
			defaultConfigurationName = Release;
		};
/* End XCConfigurationList section */
	};
	rootObject = A71E9D25227D20FE00658320 /* Project object */;
}
